
Microsoft Visual Studio Solution File, Format Version 12.00
# Visual Studio Version 17
VisualStudioVersion = 17.2.32630.192
MinimumVisualStudioVersion = 10.0.40219.1
Project("{9A19103F-16F7-4668-BE54-9A1E7A4F7556}") = "Business", "Business\Business.csproj", "{9FCCF646-D1D4-48E3-A666-697C25C1018D}"
EndProject
Project("{9A19103F-16F7-4668-BE54-9A1E7A4F7556}") = "DataAccess", "DataAccess\DataAccess.csproj", "{9055A514-2F5A-4FC7-AE71-16D2E8CDA59E}"
EndProject
Project("{9A19103F-16F7-4668-BE54-9A1E7A4F7556}") = "Entity", "Entity\Entity.csproj", "{109C51B5-E65D-448F-AADA-434D591DBAFF}"
EndProject
Project("{9A19103F-16F7-4668-BE54-9A1E7A4F7556}") = "MVC_WebInterface", "MVC_WebInterface\MVC_WebInterface.csproj", "{2B5B9E3D-CC47-41B6-BF20-426D671D9DE7}"
EndProject
Global
	GlobalSection(SolutionConfigurationPlatforms) = preSolution
		Debug|Any CPU = Debug|Any CPU
		Release|Any CPU = Release|Any CPU
	EndGlobalSection
	GlobalSection(ProjectConfigurationPlatforms) = postSolution
		{9FCCF646-D1D4-48E3-A666-697C25C1018D}.Debug|Any CPU.ActiveCfg = Debug|Any CPU
		{9FCCF646-D1D4-48E3-A666-697C25C1018D}.Debug|Any CPU.Build.0 = Debug|Any CPU
		{9FCCF646-D1D4-48E3-A666-697C25C1018D}.Release|Any CPU.ActiveCfg = Release|Any CPU
		{9FCCF646-D1D4-48E3-A666-697C25C1018D}.Release|Any CPU.Build.0 = Release|Any CPU
		{9055A514-2F5A-4FC7-AE71-16D2E8CDA59E}.Debug|Any CPU.ActiveCfg = Debug|Any CPU
		{9055A514-2F5A-4FC7-AE71-16D2E8CDA59E}.Debug|Any CPU.Build.0 = Debug|Any CPU
		{9055A514-2F5A-4FC7-AE71-16D2E8CDA59E}.Release|Any CPU.ActiveCfg = Release|Any CPU
		{9055A514-2F5A-4FC7-AE71-16D2E8CDA59E}.Release|Any CPU.Build.0 = Release|Any CPU
		{109C51B5-E65D-448F-AADA-434D591DBAFF}.Debug|Any CPU.ActiveCfg = Debug|Any CPU
		{109C51B5-E65D-448F-AADA-434D591DBAFF}.Debug|Any CPU.Build.0 = Debug|Any CPU
		{109C51B5-E65D-448F-AADA-434D591DBAFF}.Release|Any CPU.ActiveCfg = Release|Any CPU
		{109C51B5-E65D-448F-AADA-434D591DBAFF}.Release|Any CPU.Build.0 = Release|Any CPU
		{2B5B9E3D-CC47-41B6-BF20-426D671D9DE7}.Debug|Any CPU.ActiveCfg = Debug|Any CPU
		{2B5B9E3D-CC47-41B6-BF20-426D671D9DE7}.Debug|Any CPU.Build.0 = Debug|Any CPU
		{2B5B9E3D-CC47-41B6-BF20-426D671D9DE7}.Release|Any CPU.ActiveCfg = Release|Any CPU
		{2B5B9E3D-CC47-41B6-BF20-426D671D9DE7}.Release|Any CPU.Build.0 = Release|Any CPU
	EndGlobalSection
	GlobalSection(SolutionProperties) = preSolution
		HideSolutionNode = FALSE
	EndGlobalSection
	GlobalSection(ExtensibilityGlobals) = postSolution
		SolutionGuid = {43438C84-E415-40A5-9D8A-73BD70DCC21B}
	EndGlobalSection
EndGlobal
